{
  "lockfile_version": "1",
  "packages": {
    "poetry@latest": {
      "last_modified": "2025-11-26T06:22:50Z",
      "plugin_version": "0.0.4",
      "resolved": "github:NixOS/nixpkgs/bb813de6d2241bcb1b5af2d3059f560c66329967#poetry",
      "source": "devbox-search",
      "version": "2.2.1",
      "systems": {
        "aarch64-darwin": {
          "outputs": [
            {
              "name": "out",
              "path": "/nix/store/sfsxq068qvwpq7vwb0743m7isk7mbhwv-python3.13-poetry-2.2.1",
              "default": true
            },
            {
              "name": "dist",
              "path": "/nix/store/4yfah728gxi2p5gmn5mb5civh5cd3pi7-python3.13-poetry-2.2.1-dist"
            }
          ],
          "store_path": "/nix/store/sfsxq068qvwpq7vwb0743m7isk7mbhwv-python3.13-poetry-2.2.1"
        },
        "aarch64-linux": {
          "outputs": [
            {
              "name": "out",
              "path": "/nix/store/jaah5kv576z0i6sl8zcjxwnd1nf8xhqm-python3.13-poetry-2.2.1",
              "default": true
            },
            {
              "name": "dist",
              "path": "/nix/store/jn3mq4ccbvpnhgiki3n9q2pl3wsllhzr-python3.13-poetry-2.2.1-dist"
            }
          ],
          "store_path": "/nix/store/jaah5kv576z0i6sl8zcjxwnd1nf8xhqm-python3.13-poetry-2.2.1"
        },
        "x86_64-darwin": {
          "outputs": [
            {
              "name": "out",
              "path": "/nix/store/aj5kr9p7d7skbacqkk949yk1s9axxka2-python3.13-poetry-2.2.1",
              "default": true
            },
            {
              "name": "dist",
              "path": "/nix/store/w6ipm3dpg44xcfks78n2iqdg5mq51n4d-python3.13-poetry-2.2.1-dist"
            }
          ],
          "store_path": "/nix/store/aj5kr9p7d7skbacqkk949yk1s9axxka2-python3.13-poetry-2.2.1"
        },
        "x86_64-linux": {
          "outputs": [
            {
              "name": "out",
              "path": "/nix/store/jgi0jzxlm08qk7vnx1w3wmhyn4cchf47-python3.13-poetry-2.2.1",
              "default": true
            },
            {
              "name": "dist",
              "path": "/nix/store/mmhq14nsa1vqkw4rqr7lcbhvih3fm4nk-python3.13-poetry-2.2.1-dist"
            }
          ],
          "store_path": "/nix/store/jgi0jzxlm08qk7vnx1w3wmhyn4cchf47-python3.13-poetry-2.2.1"
        }
      }
    },
    "python39@latest": {
      "last_modified": "2025-03-21T17:37:26Z",
      "plugin_version": "0.0.3",
      "resolved": "github:NixOS/nixpkgs/94c4dbe77c0740ebba36c173672ca15a7926c993#python39",
      "source": "devbox-search",
      "version": "3.9.21",
      "systems": {
        "aarch64-darwin": {
          "outputs": [
            {
              "name": "out",
              "path": "/nix/store/nlbviyx8zris00ahxw4ddn69pc78x1zq-python3-3.9.21",
              "default": true
            }
          ],
          "store_path": "/nix/store/nlbviyx8zris00ahxw4ddn69pc78x1zq-python3-3.9.21"
        },
        "aarch64-linux": {
          "outputs": [
            {
              "name": "out",
              "path": "/nix/store/d23m22zna540cijzviazc2jwc0ykxn0q-python3-3.9.21",
              "default": true
            },
            {
              "name": "debug",
              "path": "/nix/store/xkdmi6r4v1r3s9h7ch02bly2pl34m61x-python3-3.9.21-debug"
            }
          ],
          "store_path": "/nix/store/d23m22zna540cijzviazc2jwc0ykxn0q-python3-3.9.21"
        },
        "x86_64-darwin": {
          "outputs": [
            {
              "name": "out",
              "path": "/nix/store/za3lvl97h0nm46ziqdwdy8f3j6d7na26-python3-3.9.21",
              "default": true
            }
          ],
          "store_path": "/nix/store/za3lvl97h0nm46ziqdwdy8f3j6d7na26-python3-3.9.21"
        },
        "x86_64-linux": {
          "outputs": [
            {
              "name": "out",
              "path": "/nix/store/ydq53zmlqq5wcn46w3h62p06yjg4xx8z-python3-3.9.21",
              "default": true
            },
            {
              "name": "debug",
              "path": "/nix/store/c3nr8wl0l1yy3lg9msa7453d3r7pp041-python3-3.9.21-debug"
            }
          ],
          "store_path": "/nix/store/ydq53zmlqq5wcn46w3h62p06yjg4xx8z-python3-3.9.21"
        }
      }
    }
  }
}
