{
  "lockfile_version": "1",
  "packages": {
    "lefthook@latest": {
      "last_modified": "2026-02-13T23:34:13Z",
      "resolved": "github:NixOS/nixpkgs/7d2ae6d8b8b697b5114a4249d0d958ee5f23d8fe#lefthook",
      "source": "devbox-search",
      "version": "2.1.1",
      "systems": {
        "aarch64-darwin": {
          "outputs": [
            {
              "name": "out",
              "path": "/nix/store/x3yxyy5lbkhvdshbnsx6g8wqjmk4r92z-lefthook-2.1.1",
              "default": true
            }
          ],
          "store_path": "/nix/store/x3yxyy5lbkhvdshbnsx6g8wqjmk4r92z-lefthook-2.1.1"
        },
        "aarch64-linux": {
          "outputs": [
            {
              "name": "out",
              "path": "/nix/store/5qy8mqg5irc1dbjnm1r3zv1sr5adf6r3-lefthook-2.1.1",
              "default": true
            }
          ],
          "store_path": "/nix/store/5qy8mqg5irc1dbjnm1r3zv1sr5adf6r3-lefthook-2.1.1"
        },
        "x86_64-darwin": {
          "outputs": [
            {
              "name": "out",
              "path": "/nix/store/wrc2jm3f47ssjbx1bqzsr0zyiknx4j06-lefthook-2.1.1",
              "default": true
            }
          ],
          "store_path": "/nix/store/wrc2jm3f47ssjbx1bqzsr0zyiknx4j06-lefthook-2.1.1"
        },
        "x86_64-linux": {
          "outputs": [
            {
              "name": "out",
              "path": "/nix/store/94cy3md10wmzqi8zjgmbq8bbw1aii8fv-lefthook-2.1.1",
              "default": true
            }
          ],
          "store_path": "/nix/store/94cy3md10wmzqi8zjgmbq8bbw1aii8fv-lefthook-2.1.1"
        }
      }
    },
    "python310@latest": {
      "last_modified": "2026-01-23T17:20:52Z",
      "plugin_version": "0.0.3",
      "resolved": "github:NixOS/nixpkgs/a1bab9e494f5f4939442a57a58d0449a109593fe#python310",
      "source": "devbox-search",
      "version": "3.10.19",
      "systems": {
        "aarch64-darwin": {
          "outputs": [
            {
              "name": "out",
              "path": "/nix/store/5h2k4jz5zxvyhqlixcf86jk4fn95gzal-python3-3.10.19",
              "default": true
            }
          ],
          "store_path": "/nix/store/5h2k4jz5zxvyhqlixcf86jk4fn95gzal-python3-3.10.19"
        },
        "aarch64-linux": {
          "outputs": [
            {
              "name": "out",
              "path": "/nix/store/mljv7m81jx9b4as68nb29nw6gl03jdrx-python3-3.10.19",
              "default": true
            },
            {
              "name": "debug",
              "path": "/nix/store/pqm2j8l4vswdnrjvf68rp6vz8ynslf1a-python3-3.10.19-debug"
            }
          ],
          "store_path": "/nix/store/mljv7m81jx9b4as68nb29nw6gl03jdrx-python3-3.10.19"
        },
        "x86_64-darwin": {
          "outputs": [
            {
              "name": "out",
              "path": "/nix/store/3h3ymc7w0rhanylyjs76x0cwmg7p388x-python3-3.10.19",
              "default": true
            }
          ],
          "store_path": "/nix/store/3h3ymc7w0rhanylyjs76x0cwmg7p388x-python3-3.10.19"
        },
        "x86_64-linux": {
          "outputs": [
            {
              "name": "out",
              "path": "/nix/store/n2brlq51yab2fblzga7q5qkhrmrfwyz9-python3-3.10.19",
              "default": true
            },
            {
              "name": "debug",
              "path": "/nix/store/sy28dcaypmbc2z1508qcb32297xbcsvh-python3-3.10.19-debug"
            }
          ],
          "store_path": "/nix/store/n2brlq51yab2fblzga7q5qkhrmrfwyz9-python3-3.10.19"
        }
      }
    },
    "uv@latest": {
      "last_modified": "2026-02-11T12:16:34Z",
      "resolved": "github:NixOS/nixpkgs/8482c7ded03bae7550f3d69884f1e611e3bd19e8#uv",
      "source": "devbox-search",
      "version": "0.10.2",
      "systems": {
        "aarch64-darwin": {
          "outputs": [
            {
              "name": "out",
              "path": "/nix/store/3vhsffs1rr2vn84f41z8vm3lmya12ig3-uv-0.10.2",
              "default": true
            }
          ],
          "store_path": "/nix/store/3vhsffs1rr2vn84f41z8vm3lmya12ig3-uv-0.10.2"
        },
        "aarch64-linux": {
          "outputs": [
            {
              "name": "out",
              "path": "/nix/store/f7nhvja5sbfcgjcfpwd4zmdzl7f5m2h2-uv-0.10.2",
              "default": true
            }
          ],
          "store_path": "/nix/store/f7nhvja5sbfcgjcfpwd4zmdzl7f5m2h2-uv-0.10.2"
        },
        "x86_64-darwin": {
          "outputs": [
            {
              "name": "out",
              "path": "/nix/store/l4skdwvihbzynnihi5l44c38xcw3xaxh-uv-0.10.2",
              "default": true
            }
          ],
          "store_path": "/nix/store/l4skdwvihbzynnihi5l44c38xcw3xaxh-uv-0.10.2"
        },
        "x86_64-linux": {
          "outputs": [
            {
              "name": "out",
              "path": "/nix/store/ksi4jmfapiqnk1lclzlf2hrdj6s1rzjs-uv-0.10.2",
              "default": true
            }
          ],
          "store_path": "/nix/store/ksi4jmfapiqnk1lclzlf2hrdj6s1rzjs-uv-0.10.2"
        }
      }
    }
  }
}
